
Microsoft Visual Studio Solution File, Format Version 12.00
# Visual Studio 2013
VisualStudioVersion = 12.0.30723.0
MinimumVisualStudioVersion = 10.0.40219.1
Project("{FAE04EC0-301F-11D3-BF4B-00C04F79EFBC}") = "ASPNET", "ASPNET\ASPNET.csproj", "{E034F351-157A-472C-ACE1-D422867DE786}"
EndProject
Project("{FAE04EC0-301F-11D3-BF4B-00C04F79EFBC}") = "ReferDLL1", "ReferDLL1\ReferDLL1.csproj", "{6DF8B691-35D5-467A-8F15-543C25EC72CA}"
EndProject
Project("{FAE04EC0-301F-11D3-BF4B-00C04F79EFBC}") = "REFERDLL2", "REFERDLL2\REFERDLL2.csproj", "{7B6CE66A-E4F5-4E99-BBF3-46BB5B1B86BF}"
EndProject
Global
	GlobalSection(SolutionConfigurationPlatforms) = preSolution
		Debug|Any CPU = Debug|Any CPU
		Release|Any CPU = Release|Any CPU
	EndGlobalSection
	GlobalSection(ProjectConfigurationPlatforms) = postSolution
		{E034F351-157A-472C-ACE1-D422867DE786}.Debug|Any CPU.ActiveCfg = Debug|Any CPU
		{E034F351-157A-472C-ACE1-D422867DE786}.Debug|Any CPU.Build.0 = Debug|Any CPU
		{E034F351-157A-472C-ACE1-D422867DE786}.Release|Any CPU.ActiveCfg = Release|Any CPU
		{E034F351-157A-472C-ACE1-D422867DE786}.Release|Any CPU.Build.0 = Release|Any CPU
		{6DF8B691-35D5-467A-8F15-543C25EC72CA}.Debug|Any CPU.ActiveCfg = Debug|Any CPU
		{6DF8B691-35D5-467A-8F15-543C25EC72CA}.Debug|Any CPU.Build.0 = Debug|Any CPU
		{6DF8B691-35D5-467A-8F15-543C25EC72CA}.Release|Any CPU.ActiveCfg = Release|Any CPU
		{6DF8B691-35D5-467A-8F15-543C25EC72CA}.Release|Any CPU.Build.0 = Release|Any CPU
		{7B6CE66A-E4F5-4E99-BBF3-46BB5B1B86BF}.Debug|Any CPU.ActiveCfg = Debug|Any CPU
		{7B6CE66A-E4F5-4E99-BBF3-46BB5B1B86BF}.Debug|Any CPU.Build.0 = Debug|Any CPU
		{7B6CE66A-E4F5-4E99-BBF3-46BB5B1B86BF}.Release|Any CPU.ActiveCfg = Release|Any CPU
		{7B6CE66A-E4F5-4E99-BBF3-46BB5B1B86BF}.Release|Any CPU.Build.0 = Release|Any CPU
	EndGlobalSection
	GlobalSection(SolutionProperties) = preSolution
		HideSolutionNode = FALSE
	EndGlobalSection
EndGlobal
